
Microsoft Visual Studio Solution File, Format Version 12.00
# Visual Studio 15
VisualStudioVersion = 15.0.27428.2002
MinimumVisualStudioVersion = 10.0.40219.1
Project("{FAE04EC0-301F-11D3-BF4B-00C04F79EFBC}") = "VISample", "VISample\VISample.csproj", "{A84786B6-E79C-43FC-96CD-1E249395E54C}"
EndProject
Global
	GlobalSection(SolutionConfigurationPlatforms) = preSolution
		Debug|Any CPU = Debug|Any CPU
		Release|Any CPU = Release|Any CPU
	EndGlobalSection
	GlobalSection(ProjectConfigurationPlatforms) = postSolution
		{A84786B6-E79C-43FC-96CD-1E249395E54C}.Debug|Any CPU.ActiveCfg = Debug|Any CPU
		{A84786B6-E79C-43FC-96CD-1E249395E54C}.Debug|Any CPU.Build.0 = Debug|Any CPU
		{A84786B6-E79C-43FC-96CD-1E249395E54C}.Release|Any CPU.ActiveCfg = Release|Any CPU
		{A84786B6-E79C-43FC-96CD-1E249395E54C}.Release|Any CPU.Build.0 = Release|Any CPU
	EndGlobalSection
	GlobalSection(SolutionProperties) = preSolution
		HideSolutionNode = FALSE
	EndGlobalSection
	GlobalSection(ExtensibilityGlobals) = postSolution
		SolutionGuid = {9D99DA76-27F9-483F-A12B-6FB1E181EC51}
	EndGlobalSection
EndGlobal
